// !$*UTF8*$!
{
	archiveVersion = 1;
	classes = {
	};
	objectVersion = 46;
	objects = {

/* Begin PBXBuildFile section */
		4A3E95811D9D53A4001C8D64 /* AppDelegate.swift in Sources */ = {isa = PBXBuildFile; fileRef = 4A3E95801D9D53A4001C8D64 /* AppDelegate.swift */; };
		4A3E95831D9D53A4001C8D64 /* ViewController.swift in Sources */ = {isa = PBXBuildFile; fileRef = 4A3E95821D9D53A4001C8D64 /* ViewController.swift */; };
		4A3E95861D9D53A4001C8D64 /* Main.storyboard in Resources */ = {isa = PBXBuildFile; fileRef = 4A3E95841D9D53A4001C8D64 /* Main.storyboard */; };
		4A3E95881D9D53A4001C8D64 /* Assets.xcassets in Resources */ = {isa = PBXBuildFile; fileRef = 4A3E95871D9D53A4001C8D64 /* Assets.xcassets */; };
		4A3E958B1D9D53A4001C8D64 /* LaunchScreen.storyboard in Resources */ = {isa = PBXBuildFile; fileRef = 4A3E95891D9D53A4001C8D64 /* LaunchScreen.storyboard */; };
		4AE4E72F1D9E4FAE001C6081 /* SFUIDisplay-Regular.otf in Resources */ = {isa = PBXBuildFile; fileRef = 4AE4E7281D9E4DE2001C6081 /* SFUIDisplay-Regular.otf */; };
		4AE4E7301D9E4FAE001C6081 /* SFUIDisplay-Semibold.otf in Resources */ = {isa = PBXBuildFile; fileRef = 4AE4E7291D9E4DE2001C6081 /* SFUIDisplay-Semibold.otf */; };
		4AE4E7311D9E4FAE001C6081 /* SFUIDisplay-Thin.otf in Resources */ = {isa = PBXBuildFile; fileRef = 4AE4E72A1D9E4DE2001C6081 /* SFUIDisplay-Thin.otf */; };
		4AE4E7321D9E4FAE001C6081 /* SFUIText-Light.otf in Resources */ = {isa = PBXBuildFile; fileRef = 4AE4E72B1D9E4DE2001C6081 /* SFUIText-Light.otf */; };
		4AE4E7331D9E4FAE001C6081 /* SFUIText-Medium.otf in Resources */ = {isa = PBXBuildFile; fileRef = 4AE4E72C1D9E4DE2001C6081 /* SFUIText-Medium.otf */; };
		4AE4E7341D9E4FAE001C6081 /* SFUIText-Regular.otf in Resources */ = {isa = PBXBuildFile; fileRef = 4AE4E72D1D9E4DE2001C6081 /* SFUIText-Regular.otf */; };
		4AE4E7351D9E4FAE001C6081 /* SFUIText-Semibold.otf in Resources */ = {isa = PBXBuildFile; fileRef = 4AE4E72E1D9E4DE2001C6081 /* SFUIText-Semibold.otf */; };
/* End PBXBuildFile section */

/* Begin PBXFileReference section */
		4A3E957D1D9D53A4001C8D64 /* RegisterTestApp.app */ = {isa = PBXFileReference; explicitFileType = wrapper.application; includeInIndex = 0; path = RegisterTestApp.app; sourceTree = BUILT_PRODUCTS_DIR; };
		4A3E95801D9D53A4001C8D64 /* AppDelegate.swift */ = {isa = PBXFileReference; lastKnownFileType = sourcecode.swift; path = AppDelegate.swift; sourceTree = "<group>"; };
		4A3E95821D9D53A4001C8D64 /* ViewController.swift */ = {isa = PBXFileReference; lastKnownFileType = sourcecode.swift; path = ViewController.swift; sourceTree = "<group>"; };
		4A3E95851D9D53A4001C8D64 /* Base */ = {isa = PBXFileReference; lastKnownFileType = file.storyboard; name = Base; path = Base.lproj/Main.storyboard; sourceTree = "<group>"; };
		4A3E95871D9D53A4001C8D64 /* Assets.xcassets */ = {isa = PBXFileReference; lastKnownFileType = folder.assetcatalog; path = Assets.xcassets; sourceTree = "<group>"; };
		4A3E958A1D9D53A4001C8D64 /* Base */ = {isa = PBXFileReference; lastKnownFileType = file.storyboard; name = Base; path = Base.lproj/LaunchScreen.storyboard; sourceTree = "<group>"; };
		4A3E958C1D9D53A4001C8D64 /* Info.plist */ = {isa = PBXFileReference; lastKnownFileType = text.plist.xml; path = Info.plist; sourceTree = "<group>"; };
		4A3E95921D9D556D001C8D64 /* Documentation */ = {isa = PBXFileReference; lastKnownFileType = folder; path = Documentation; sourceTree = "<group>"; };
		4AE4E7281D9E4DE2001C6081 /* SFUIDisplay-Regular.otf */ = {isa = PBXFileReference; lastKnownFileType = file; path = "SFUIDisplay-Regular.otf"; sourceTree = "<group>"; };
		4AE4E7291D9E4DE2001C6081 /* SFUIDisplay-Semibold.otf */ = {isa = PBXFileReference; lastKnownFileType = file; path = "SFUIDisplay-Semibold.otf"; sourceTree = "<group>"; };
		4AE4E72A1D9E4DE2001C6081 /* SFUIDisplay-Thin.otf */ = {isa = PBXFileReference; lastKnownFileType = file; path = "SFUIDisplay-Thin.otf"; sourceTree = "<group>"; };
		4AE4E72B1D9E4DE2001C6081 /* SFUIText-Light.otf */ = {isa = PBXFileReference; lastKnownFileType = file; path = "SFUIText-Light.otf"; sourceTree = "<group>"; };
		4AE4E72C1D9E4DE2001C6081 /* SFUIText-Medium.otf */ = {isa = PBXFileReference; lastKnownFileType = file; path = "SFUIText-Medium.otf"; sourceTree = "<group>"; };
		4AE4E72D1D9E4DE2001C6081 /* SFUIText-Regular.otf */ = {isa = PBXFileReference; lastKnownFileType = file; path = "SFUIText-Regular.otf"; sourceTree = "<group>"; };
		4AE4E72E1D9E4DE2001C6081 /* SFUIText-Semibold.otf */ = {isa = PBXFileReference; lastKnownFileType = file; path = "SFUIText-Semibold.otf"; sourceTree = "<group>"; };
/* End PBXFileReference section */

/* Begin PBXFrameworksBuildPhase section */
		4A3E957A1D9D53A4001C8D64 /* Frameworks */ = {
			isa = PBXFrameworksBuildPhase;
			buildActionMask = 2147483647;
			files = (
			);
			runOnlyForDeploymentPostprocessing = 0;
		};
/* End PBXFrameworksBuildPhase section */

/* Begin PBXGroup section */
		4A3E95741D9D53A4001C8D64 = {
			isa = PBXGroup;
			children = (
				4A3E95921D9D556D001C8D64 /* Documentation */,
				4A3E957F1D9D53A4001C8D64 /* RegisterTestApp */,
				4A3E957E1D9D53A4001C8D64 /* Products */,
			);
			sourceTree = "<group>";
		};
		4A3E957E1D9D53A4001C8D64 /* Products */ = {
			isa = PBXGroup;
			children = (
				4A3E957D1D9D53A4001C8D64 /* RegisterTestApp.app */,
			);
			name = Products;
			sourceTree = "<group>";
		};
		4A3E957F1D9D53A4001C8D64 /* RegisterTestApp */ = {
			isa = PBXGroup;
			children = (
				4AE4E7271D9E4DC5001C6081 /* Fonts */,
				4A3E95801D9D53A4001C8D64 /* AppDelegate.swift */,
				4A3E95821D9D53A4001C8D64 /* ViewController.swift */,
				4A3E95841D9D53A4001C8D64 /* Main.storyboard */,
				4A3E95871D9D53A4001C8D64 /* Assets.xcassets */,
				4A3E95891D9D53A4001C8D64 /* LaunchScreen.storyboard */,
				4A3E958C1D9D53A4001C8D64 /* Info.plist */,
			);
			path = RegisterTestApp;
			sourceTree = "<group>";
		};
		4AE4E7271D9E4DC5001C6081 /* Fonts */ = {
			isa = PBXGroup;
			children = (
				4AE4E7281D9E4DE2001C6081 /* SFUIDisplay-Regular.otf */,
				4AE4E7291D9E4DE2001C6081 /* SFUIDisplay-Semibold.otf */,
				4AE4E72A1D9E4DE2001C6081 /* SFUIDisplay-Thin.otf */,
				4AE4E72B1D9E4DE2001C6081 /* SFUIText-Light.otf */,
				4AE4E72C1D9E4DE2001C6081 /* SFUIText-Medium.otf */,
				4AE4E72D1D9E4DE2001C6081 /* SFUIText-Regular.otf */,
				4AE4E72E1D9E4DE2001C6081 /* SFUIText-Semibold.otf */,
			);
			path = Fonts;
			sourceTree = "<group>";
		};
/* End PBXGroup section */

/* Begin PBXNativeTarget section */
		4A3E957C1D9D53A4001C8D64 /* RegisterTestApp */ = {
			isa = PBXNativeTarget;
			buildConfigurationList = 4A3E958F1D9D53A4001C8D64 /* Build configuration list for PBXNativeTarget "RegisterTestApp" */;
			buildPhases = (
				4A3E95791D9D53A4001C8D64 /* Sources */,
				4A3E957A1D9D53A4001C8D64 /* Frameworks */,
				4A3E957B1D9D53A4001C8D64 /* Resources */,
			);
			buildRules = (
			);
			dependencies = (
			);
			name = RegisterTestApp;
			productName = RegisterTestApp;
			productReference = 4A3E957D1D9D53A4001C8D64 /* RegisterTestApp.app */;
			productType = "com.apple.product-type.application";
		};
/* End PBXNativeTarget section */

/* Begin PBXProject section */
		4A3E95751D9D53A4001C8D64 /* Project object */ = {
			isa = PBXProject;
			attributes = {
				CLASSPREFIX = RT;
				LastSwiftUpdateCheck = 0800;
				LastUpgradeCheck = 0800;
				ORGANIZATIONNAME = "Igor Zubko";
				TargetAttributes = {
					4A3E957C1D9D53A4001C8D64 = {
						CreatedOnToolsVersion = 8.0;
						ProvisioningStyle = Automatic;
					};
				};
			};
			buildConfigurationList = 4A3E95781D9D53A4001C8D64 /* Build configuration list for PBXProject "RegisterTestApp" */;
			compatibilityVersion = "Xcode 3.2";
			developmentRegion = English;
			hasScannedForEncodings = 0;
			knownRegions = (
				en,
				Base,
			);
			mainGroup = 4A3E95741D9D53A4001C8D64;
			productRefGroup = 4A3E957E1D9D53A4001C8D64 /* Products */;
			projectDirPath = "";
			projectRoot = "";
			targets = (
				4A3E957C1D9D53A4001C8D64 /* RegisterTestApp */,
			);
		};
/* End PBXProject section */

/* Begin PBXResourcesBuildPhase section */
		4A3E957B1D9D53A4001C8D64 /* Resources */ = {
			isa = PBXResourcesBuildPhase;
			buildActionMask = 2147483647;
			files = (
				4AE4E72F1D9E4FAE001C6081 /* SFUIDisplay-Regular.otf in Resources */,
				4AE4E7301D9E4FAE001C6081 /* SFUIDisplay-Semibold.otf in Resources */,
				4AE4E7311D9E4FAE001C6081 /* SFUIDisplay-Thin.otf in Resources */,
				4AE4E7321D9E4FAE001C6081 /* SFUIText-Light.otf in Resources */,
				4AE4E7331D9E4FAE001C6081 /* SFUIText-Medium.otf in Resources */,
				4AE4E7341D9E4FAE001C6081 /* SFUIText-Regular.otf in Resources */,
				4AE4E7351D9E4FAE001C6081 /* SFUIText-Semibold.otf in Resources */,
				4A3E958B1D9D53A4001C8D64 /* LaunchScreen.storyboard in Resources */,
				4A3E95881D9D53A4001C8D64 /* Assets.xcassets in Resources */,
				4A3E95861D9D53A4001C8D64 /* Main.storyboard in Resources */,
			);
			runOnlyForDeploymentPostprocessing = 0;
		};
/* End PBXResourcesBuildPhase section */

/* Begin PBXSourcesBuildPhase section */
		4A3E95791D9D53A4001C8D64 /* Sources */ = {
			isa = PBXSourcesBuildPhase;
			buildActionMask = 2147483647;
			files = (
				4A3E95831D9D53A4001C8D64 /* ViewController.swift in Sources */,
				4A3E95811D9D53A4001C8D64 /* AppDelegate.swift in Sources */,
			);
			runOnlyForDeploymentPostprocessing = 0;
		};
/* End PBXSourcesBuildPhase section */

/* Begin PBXVariantGroup section */
		4A3E95841D9D53A4001C8D64 /* Main.storyboard */ = {
			isa = PBXVariantGroup;
			children = (
				4A3E95851D9D53A4001C8D64 /* Base */,
			);
			name = Main.storyboard;
			sourceTree = "<group>";
		};
		4A3E95891D9D53A4001C8D64 /* LaunchScreen.storyboard */ = {
			isa = PBXVariantGroup;
			children = (
				4A3E958A1D9D53A4001C8D64 /* Base */,
			);
			name = LaunchScreen.storyboard;
			sourceTree = "<group>";
		};
/* End PBXVariantGroup section */

/* Begin XCBuildConfiguration section */
		4A3E958D1D9D53A4001C8D64 /* Debug */ = {
			isa = XCBuildConfiguration;
			buildSettings = {
				ALWAYS_SEARCH_USER_PATHS = NO;
				CLANG_ANALYZER_NONNULL = YES;
				CLANG_CXX_LANGUAGE_STANDARD = "gnu++0x";
				CLANG_CXX_LIBRARY = "libc++";
				CLANG_ENABLE_MODULES = YES;
				CLANG_ENABLE_OBJC_ARC = YES;
				CLANG_WARN_BOOL_CONVERSION = YES;
				CLANG_WARN_CONSTANT_CONVERSION = YES;
				CLANG_WARN_DIRECT_OBJC_ISA_USAGE = YES_ERROR;
				CLANG_WARN_DOCUMENTATION_COMMENTS = YES;
				CLANG_WARN_EMPTY_BODY = YES;
				CLANG_WARN_ENUM_CONVERSION = YES;
				CLANG_WARN_INFINITE_RECURSION = YES;
				CLANG_WARN_INT_CONVERSION = YES;
				CLANG_WARN_OBJC_ROOT_CLASS = YES_ERROR;
				CLANG_WARN_SUSPICIOUS_MOVES = YES;
				CLANG_WARN_UNREACHABLE_CODE = YES;
				CLANG_WARN__DUPLICATE_METHOD_MATCH = YES;
				"CODE_SIGN_IDENTITY[sdk=iphoneos*]" = "iPhone Developer";
				COPY_PHASE_STRIP = NO;
				DEBUG_INFORMATION_FORMAT = dwarf;
				ENABLE_STRICT_OBJC_MSGSEND = YES;
				ENABLE_TESTABILITY = YES;
				GCC_C_LANGUAGE_STANDARD = gnu99;
				GCC_DYNAMIC_NO_PIC = NO;
				GCC_NO_COMMON_BLOCKS = YES;
				GCC_OPTIMIZATION_LEVEL = 0;
				GCC_PREPROCESSOR_DEFINITIONS = (
					"DEBUG=1",
					"$(inherited)",
				);
				GCC_WARN_64_TO_32_BIT_CONVERSION = YES;
				GCC_WARN_ABOUT_RETURN_TYPE = YES_ERROR;
				GCC_WARN_UNDECLARED_SELECTOR = YES;
				GCC_WARN_UNINITIALIZED_AUTOS = YES_AGGRESSIVE;
				GCC_WARN_UNUSED_FUNCTION = YES;
				GCC_WARN_UNUSED_VARIABLE = YES;
				IPHONEOS_DEPLOYMENT_TARGET = 8.0;
				MTL_ENABLE_DEBUG_INFO = YES;
				ONLY_ACTIVE_ARCH = YES;
				SDKROOT = iphoneos;
				SWIFT_ACTIVE_COMPILATION_CONDITIONS = DEBUG;
				SWIFT_OPTIMIZATION_LEVEL = "-Onone";
			};
			name = Debug;
		};
		4A3E958E1D9D53A4001C8D64 /* Release */ = {
			isa = XCBuildConfiguration;
			buildSettings = {
				ALWAYS_SEARCH_USER_PATHS = NO;
				CLANG_ANALYZER_NONNULL = YES;
				CLANG_CXX_LANGUAGE_STANDARD = "gnu++0x";
				CLANG_CXX_LIBRARY = "libc++";
				CLANG_ENABLE_MODULES = YES;
				CLANG_ENABLE_OBJC_ARC = YES;
				CLANG_WARN_BOOL_CONVERSION = YES;
				CLANG_WARN_CONSTANT_CONVERSION = YES;
				CLANG_WARN_DIRECT_OBJC_ISA_USAGE = YES_ERROR;
				CLANG_WARN_DOCUMENTATION_COMMENTS = YES;
				CLANG_WARN_EMPTY_BODY = YES;
				CLANG_WARN_ENUM_CONVERSION = YES;
				CLANG_WARN_INFINITE_RECURSION = YES;
				CLANG_WARN_INT_CONVERSION = YES;
				CLANG_WARN_OBJC_ROOT_CLASS = YES_ERROR;
				CLANG_WARN_SUSPICIOUS_MOVES = YES;
				CLANG_WARN_UNREACHABLE_CODE = YES;
				CLANG_WARN__DUPLICATE_METHOD_MATCH = YES;
				"CODE_SIGN_IDENTITY[sdk=iphoneos*]" = "iPhone Developer";
				COPY_PHASE_STRIP = NO;
				DEBUG_INFORMATION_FORMAT = "dwarf-with-dsym";
				ENABLE_NS_ASSERTIONS = NO;
				ENABLE_STRICT_OBJC_MSGSEND = YES;
				GCC_C_LANGUAGE_STANDARD = gnu99;
				GCC_NO_COMMON_BLOCKS = YES;
				GCC_WARN_64_TO_32_BIT_CONVERSION = YES;
				GCC_WARN_ABOUT_RETURN_TYPE = YES_ERROR;
				GCC_WARN_UNDECLARED_SELECTOR = YES;
				GCC_WARN_UNINITIALIZED_AUTOS = YES_AGGRESSIVE;
				GCC_WARN_UNUSED_FUNCTION = YES;
				GCC_WARN_UNUSED_VARIABLE = YES;
				IPHONEOS_DEPLOYMENT_TARGET = 8.0;
				MTL_ENABLE_DEBUG_INFO = NO;
				SDKROOT = iphoneos;
				SWIFT_OPTIMIZATION_LEVEL = "-Owholemodule";
				VALIDATE_PRODUCT = YES;
			};
			name = Release;
		};
		4A3E95901D9D53A4001C8D64 /* Debug */ = {
			isa = XCBuildConfiguration;
			buildSettings = {
				ASSETCATALOG_COMPILER_APPICON_NAME = AppIcon;
				INFOPLIST_FILE = RegisterTestApp/Info.plist;
				LD_RUNPATH_SEARCH_PATHS = "$(inherited) @executable_path/Frameworks";
				PRODUCT_BUNDLE_IDENTIFIER = xyz.kfawkes.RegisterTestApp;
				PRODUCT_NAME = "$(TARGET_NAME)";
				SWIFT_VERSION = 3.0;
			};
			name = Debug;
		};
		4A3E95911D9D53A4001C8D64 /* Release */ = {
			isa = XCBuildConfiguration;
			buildSettings = {
				ASSETCATALOG_COMPILER_APPICON_NAME = AppIcon;
				INFOPLIST_FILE = RegisterTestApp/Info.plist;
				LD_RUNPATH_SEARCH_PATHS = "$(inherited) @executable_path/Frameworks";
				PRODUCT_BUNDLE_IDENTIFIER = xyz.kfawkes.RegisterTestApp;
				PRODUCT_NAME = "$(TARGET_NAME)";
				SWIFT_VERSION = 3.0;
			};
			name = Release;
		};
/* End XCBuildConfiguration section */

/* Begin XCConfigurationList section */
		4A3E95781D9D53A4001C8D64 /* Build configuration list for PBXProject "RegisterTestApp" */ = {
			isa = XCConfigurationList;
			buildConfigurations = (
				4A3E958D1D9D53A4001C8D64 /* Debug */,
				4A3E958E1D9D53A4001C8D64 /* Release */,
			);
			defaultConfigurationIsVisible = 0;
			defaultConfigurationName = Release;
		};
		4A3E958F1D9D53A4001C8D64 /* Build configuration list for PBXNativeTarget "RegisterTestApp" */ = {
			isa = XCConfigurationList;
			buildConfigurations = (
				4A3E95901D9D53A4001C8D64 /* Debug */,
				4A3E95911D9D53A4001C8D64 /* Release */,
			);
			defaultConfigurationIsVisible = 0;
			defaultConfigurationName = Release;
		};
/* End XCConfigurationList section */
	};
	rootObject = 4A3E95751D9D53A4001C8D64 /* Project object */;
}
